# @generated - this file is auto-generated by `mise lock` https://mise.jdx.dev/dev-tools/mise-lock.html

lockfile_version = 2

[[tools."aqua:anomalyco/opencode"]]
version = "1.18.32"
backend = "aqua:anomalyco/opencode"
specifiers = ["latest"]

[tools."aqua:anomalyco/opencode"."platforms.linux-arm64"]
checksum = "sha256:568461b7d4d8c19865c97e9a1102e613049c6039d01fe772154de873c1865840"
url = "https://github.com/anomalyco/opencode/releases/download/v1.18.32/opencode-linux-arm64.tar.gz"
url_api = "https://api.github.com/repos/anomalyco/opencode/releases/assets/580000055"

[tools."aqua:anomalyco/opencode"."platforms.linux-arm64-musl"]
checksum = "sha256:abf302edbc996548e28417dcdf7f67109fd95c7344f813a312633a818986204d"
url = "https://github.com/anomalyco/opencode/releases/download/v1.18.32/opencode-linux-arm64-musl.tar.gz"
url_api = "https://api.github.com/repos/anomalyco/opencode/releases/assets/580000150"

[tools."aqua:anomalyco/opencode"."platforms.linux-x64"]
checksum = "sha256:3046e0404fdc60fb80307e7a47824ba07477364178a4d09baa8548496dd6d43b"
url = "https://github.com/anomalyco/opencode/releases/download/v1.18.32/opencode-linux-x64.tar.gz"
url_api = "https://api.github.com/repos/anomalyco/opencode/releases/assets/580000044"

[tools."aqua:anomalyco/opencode"."platforms.linux-x64-musl"]
checksum = "sha256:1ce4699c8a9470ad806fa824112cd30b5d51b4038c29231189486302ef394d94"
url = "https://github.com/anomalyco/opencode/releases/download/v1.18.32/opencode-linux-x64-musl.tar.gz"
url_api = "https://api.github.com/repos/anomalyco/opencode/releases/assets/580000043"

[tools."aqua:anomalyco/opencode"."platforms.macos-arm64"]
checksum = "sha256:fa643f93401c13508d8d513780e54ce9cc01203d501114be9b88d62408b8101f"
url = "https://github.com/anomalyco/opencode/releases/download/v1.18.32/opencode-darwin-arm64.zip"
url_api = "https://api.github.com/repos/anomalyco/opencode/releases/assets/579999982"

[tools."aqua:anomalyco/opencode"."platforms.macos-x64"]
checksum = "sha256:a24bf10499382f8855e19d2a081b8683e4ab99c7c2affb32dc89b17c8a00ccd6"
url = "https://github.com/anomalyco/opencode/releases/download/v1.18.32/opencode-darwin-x64.zip"
url_api = "https://api.github.com/repos/anomalyco/opencode/releases/assets/579999983"

[tools."aqua:anomalyco/opencode"."platforms.windows-x64"]
checksum = "sha256:1483c72d5adced825590a0ecf8cc18b3e87e535960a125dbf539d33bce135d0f"
url = "https://github.com/anomalyco/opencode/releases/download/v1.18.32/opencode-windows-x64.zip"
url_api = "https://api.github.com/repos/anomalyco/opencode/releases/assets/580003748"

[[tools.node]]
version = "22.23.2"
backend = "core:node"
specifiers = ["22"]

[tools.node."platforms.linux-arm64"]
checksum = "sha256:013b59cfd2819703a6f4a14ab891fc46fc2a4e3f5bcd92de3fb4929b43e35b30"
url = "https://nodejs.org/dist/v22.23.2/node-v22.23.2-linux-arm64.tar.gz"

[tools.node."platforms.linux-arm64-musl"]
checksum = "sha256:b7a1a2b1c7c76e47550f17764676939840e0a64b4d04bdd375a4ac14bccaa8d8"
url = "https://unofficial-builds.nodejs.org/download/release/v22.23.2/node-v22.23.2-linux-arm64-musl.tar.gz"

[tools.node."platforms.linux-x64"]
checksum = "sha256:b294a556e639d64338823920e5866c21c02741742d2e1529ee1a225c1ec9252a"
url = "https://nodejs.org/dist/v22.23.2/node-v22.23.2-linux-x64.tar.gz"

[tools.node."platforms.linux-x64-musl"]
checksum = "sha256:396e11ee609eb2e5cb990f045c4d037aa47b2c247f3cecb01c5c162e33ffa9af"
url = "https://unofficial-builds.nodejs.org/download/release/v22.23.2/node-v22.23.2-linux-x64-musl.tar.gz"

[tools.node."platforms.macos-arm64"]
checksum = "sha256:61130f394c1630d211dd50aecc4353d379480f36d3ac913cd85dbba1aed585c6"
url = "https://nodejs.org/dist/v22.23.2/node-v22.23.2-darwin-arm64.tar.gz"

[tools.node."platforms.macos-x64"]
checksum = "sha256:58e99022c2ff89395576cc7fd4d98cea24bb68081475d5f88b801ee8729fb026"
url = "https://nodejs.org/dist/v22.23.2/node-v22.23.2-darwin-x64.tar.gz"

[tools.node."platforms.windows-x64"]
checksum = "sha256:1177b4137ba5adaa56354ae40f1080c7450e8ae09cecb47da459d1c52ac99f97"
url = "https://nodejs.org/dist/v22.23.2/node-v22.23.2-win-x64.zip"

[[tools."npm:@fission-ai/openspec"]]
version = "1.8.0"
aube = { path = "locks/npm-fission-ai-openspec/1.8.0", digest = "sha256:687cccab7cb86d22b6625088ff867ea4172074cf012b89ced7b689e2b91ee196" }
backend = "npm:@fission-ai/openspec"
specifiers = ["latest"]

[[tools."npm:@getpaseo/cli"]]
version = "0.9.1"
aube = { path = "locks/npm-getpaseo-cli/0.9.1", digest = "sha256:f0ee45894bc4080f9bee8f5d0aa6f021d66ebac639d007178f3363b4fa452421" }
backend = "npm:@getpaseo/cli"
specifiers = ["latest"]

[[tools."npm:@openai/codex"]]
version = "0.156.1"
aube = { path = "locks/npm-openai-codex/0.156.1", digest = "sha256:6abb4a6e67484312a80350e4e9b50a998d9d1e2cf0c6d1f6aa5e023782a7f615" }
backend = "npm:@openai/codex"
specifiers = ["0.156.1"]

[[tools."pipx:headroom-ai"]]
version = "0.28.0"
backend = "pipx:headroom-ai"
specifiers = ["0.28.0"]

[[tools."pipx:serena-agent"]]
version = "1.6.1"
backend = "pipx:serena-agent"
specifiers = ["1.6.1"]

[[tools.python]]
version = "3.13.15"
backend = "core:python"
specifiers = ["3.13"]

[tools.python."platforms.linux-arm64"]
checksum = "sha256:01ce0ce9189feaead3298abf10d4efe998c55a489b3d5d38ca4f83dda7e7977e"
url = "https://github.com/astral-sh/python-build-standalone/releases/download/20260901/cpython-3.13.15+20260901-aarch64-unknown-linux-gnu-install_only_stripped.tar.gz"
provenance = "github-attestations"

[tools.python."platforms.linux-arm64-musl"]
checksum = "sha256:40b7d31b0f50d9f500821b44ac8c0f253d94839b82cd07ed1c7e240787271bb2"
url = "https://github.com/astral-sh/python-build-standalone/releases/download/20260901/cpython-3.13.15+20260901-aarch64-unknown-linux-musl-install_only_stripped.tar.gz"
provenance = "github-attestations"

[tools.python."platforms.linux-x64"]
checksum = "sha256:e3f3566dcd932618421ad87973011af194655b095645581e8378011aefb59939"
url = "https://github.com/astral-sh/python-build-standalone/releases/download/20260901/cpython-3.13.15+20260901-x86_64_v3-unknown-linux-gnu-install_only_stripped.tar.gz"
provenance = "github-attestations"

[tools.python."platforms.linux-x64-musl"]
checksum = "sha256:6d26dd7e3adaf613565cc703e0096774154d761c65523d373e6a36bc478dd4d5"
url = "https://github.com/astral-sh/python-build-standalone/releases/download/20260901/cpython-3.13.15+20260901-x86_64-unknown-linux-musl-install_only_stripped.tar.gz"
provenance = "github-attestations"

[tools.python."platforms.macos-arm64"]
checksum = "sha256:d3904bd6a072246e07aa0bdadee9a14e80521e42a943c0848059feb16a2816dc"
url = "https://github.com/astral-sh/python-build-standalone/releases/download/20260901/cpython-3.13.15+20260901-aarch64-apple-darwin-install_only_stripped.tar.gz"
provenance = "github-attestations"

[tools.python."platforms.macos-x64"]
checksum = "sha256:f712a9143c8a5d248438ec7921a0b48d548bca4f1337d33c690d28c2d0504137"
url = "https://github.com/astral-sh/python-build-standalone/releases/download/20260901/cpython-3.13.15+20260901-x86_64-apple-darwin-install_only_stripped.tar.gz"
provenance = "github-attestations"

[tools.python."platforms.windows-x64"]
checksum = "sha256:63d263ab0162f34a241a56dc5b283c22d6e131f5516117e6a921350c69ba7d4f"
url = "https://github.com/astral-sh/python-build-standalone/releases/download/20260901/cpython-3.13.15+20260901-x86_64-pc-windows-msvc-install_only_stripped.tar.gz"
provenance = "github-attestations"

[[tools.uv]]
version = "0.12.18"
backend = "aqua:astral-sh/uv"
specifiers = ["latest"]

[tools.uv."platforms.linux-arm64"]
checksum = "sha256:afb6291f3f0a6b4521fc67b947822506c41dde5b60d2189dd8f3695b2ac8c9e7"
url = "https://github.com/astral-sh/uv/releases/download/0.12.18/uv-aarch64-unknown-linux-gnu.tar.gz"
url_api = "https://api.github.com/repos/astral-sh/uv/releases/assets/582430569"
provenance = "github-attestations"

[tools.uv."platforms.linux-arm64-musl"]
checksum = "sha256:0796973fb3eea8095078c3d0659bd17a5f6789a71b8dd85caff2483178f78ac3"
url = "https://github.com/astral-sh/uv/releases/download/0.12.18/uv-aarch64-unknown-linux-musl.tar.gz"
url_api = "https://api.github.com/repos/astral-sh/uv/releases/assets/582430577"
provenance = "github-attestations"

[tools.uv."platforms.linux-x64"]
checksum = "sha256:89eadd7c76fc063887959510d5ba0ab1264dfd5f1143b925ddb73021a40acf16"
url = "https://github.com/astral-sh/uv/releases/download/0.12.18/uv-x86_64-unknown-linux-gnu.tar.gz"
url_api = "https://api.github.com/repos/astral-sh/uv/releases/assets/582430671"
provenance = "github-attestations"

[tools.uv."platforms.linux-x64-musl"]
checksum = "sha256:e38d97460b98ebfd31b197de0fe9fa578add4bc8ba0179b203dd3f87b99f98e6"
url = "https://github.com/astral-sh/uv/releases/download/0.12.18/uv-x86_64-unknown-linux-musl.tar.gz"
url_api = "https://api.github.com/repos/astral-sh/uv/releases/assets/582430675"
provenance = "github-attestations"

[tools.uv."platforms.macos-arm64"]
checksum = "sha256:cf40e0c6a202190ccd9e0406dcfdd5b2d6668a9a5c779b17948963df32aafe5b"
url = "https://github.com/astral-sh/uv/releases/download/0.12.18/uv-aarch64-apple-darwin.tar.gz"
url_api = "https://api.github.com/repos/astral-sh/uv/releases/assets/582430554"
provenance = "github-attestations"

[tools.uv."platforms.macos-x64"]
checksum = "sha256:2e4108f5395397c8bc5d43bf83d3bdbb2d0e92b90d0efa607756be704905fa33"
url = "https://github.com/astral-sh/uv/releases/download/0.12.18/uv-x86_64-apple-darwin.tar.gz"
url_api = "https://api.github.com/repos/astral-sh/uv/releases/assets/582430660"
provenance = "github-attestations"

[tools.uv."platforms.windows-x64"]
checksum = "sha256:cae6a3bc25239f83dffb467a4b180508d9da23986c04639ebfa44e43e6a84bff"
url = "https://github.com/astral-sh/uv/releases/download/0.12.18/uv-x86_64-pc-windows-msvc.zip"
url_api = "https://api.github.com/repos/astral-sh/uv/releases/assets/582430665"
provenance = "github-attestations"
